
Microsoft Visual Studio Solution File, Format Version 12.00
# Visual Studio Version 17
VisualStudioVersion = 17.3.32819.101
MinimumVisualStudioVersion = 10.0.40219.1
Project("{FAE04EC0-301F-11D3-BF4B-00C04F79EFBC}") = "BCRA_API", "BCRA_API\BCRA_API.csproj", "{293DF4FE-31BD-4E03-B729-5F308FB0EF63}"
EndProject
Global
	GlobalSection(SolutionConfigurationPlatforms) = preSolution
		Debug|Any CPU = Debug|Any CPU
		Release|Any CPU = Release|Any CPU
	EndGlobalSection
	GlobalSection(ProjectConfigurationPlatforms) = postSolution
		{293DF4FE-31BD-4E03-B729-5F308FB0EF63}.Debug|Any CPU.ActiveCfg = Debug|Any CPU
		{293DF4FE-31BD-4E03-B729-5F308FB0EF63}.Debug|Any CPU.Build.0 = Debug|Any CPU
		{293DF4FE-31BD-4E03-B729-5F308FB0EF63}.Release|Any CPU.ActiveCfg = Release|Any CPU
		{293DF4FE-31BD-4E03-B729-5F308FB0EF63}.Release|Any CPU.Build.0 = Release|Any CPU
	EndGlobalSection
	GlobalSection(SolutionProperties) = preSolution
		HideSolutionNode = FALSE
	EndGlobalSection
	GlobalSection(ExtensibilityGlobals) = postSolution
		SolutionGuid = {BB8373F0-BC63-42B5-8E49-058D9F11C956}
	EndGlobalSection
EndGlobal
